// !$*UTF8*$!
{
	archiveVersion = 1;
	classes = {
	};
	objectVersion = 56;
	objects = {

/* Begin PBXBuildFile section */
		A2A1612328F4AEFA00B478FB /* AppDelegate.swift in Sources */ = {isa = PBXBuildFile; fileRef = A2A1612228F4AEFA00B478FB /* AppDelegate.swift */; };
		A2A1612528F4AEFA00B478FB /* SceneDelegate.swift in Sources */ = {isa = PBXBuildFile; fileRef = A2A1612428F4AEFA00B478FB /* SceneDelegate.swift */; };
		A2A1612728F4AEFA00B478FB /* ViewController.swift in Sources */ = {isa = PBXBuildFile; fileRef = A2A1612628F4AEFA00B478FB /* ViewController.swift */; };
		A2A1612A28F4AEFA00B478FB /* Main.storyboard in Resources */ = {isa = PBXBuildFile; fileRef = A2A1612828F4AEFA00B478FB /* Main.storyboard */; };
		A2A1612C28F4AEFC00B478FB /* Assets.xcassets in Resources */ = {isa = PBXBuildFile; fileRef = A2A1612B28F4AEFC00B478FB /* Assets.xcassets */; };
		A2A1612F28F4AEFC00B478FB /* LaunchScreen.storyboard in Resources */ = {isa = PBXBuildFile; fileRef = A2A1612D28F4AEFC00B478FB /* LaunchScreen.storyboard */; };
		A2A1613A28F4AEFC00B478FB /* ParstagramTests.swift in Sources */ = {isa = PBXBuildFile; fileRef = A2A1613928F4AEFC00B478FB /* ParstagramTests.swift */; };
		A2A1614428F4AEFC00B478FB /* ParstagramUITests.swift in Sources */ = {isa = PBXBuildFile; fileRef = A2A1614328F4AEFC00B478FB /* ParstagramUITests.swift */; };
		A2A1614628F4AEFC00B478FB /* ParstagramUITestsLaunchTests.swift in Sources */ = {isa = PBXBuildFile; fileRef = A2A1614528F4AEFC00B478FB /* ParstagramUITestsLaunchTests.swift */; };
/* End PBXBuildFile section */

/* Begin PBXContainerItemProxy section */
		A2A1613628F4AEFC00B478FB /* PBXContainerItemProxy */ = {
			isa = PBXContainerItemProxy;
			containerPortal = A2A1611728F4AEFA00B478FB /* Project object */;
			proxyType = 1;
			remoteGlobalIDString = A2A1611E28F4AEFA00B478FB;
			remoteInfo = Parstagram;
		};
		A2A1614028F4AEFC00B478FB /* PBXContainerItemProxy */ = {
			isa = PBXContainerItemProxy;
			containerPortal = A2A1611728F4AEFA00B478FB /* Project object */;
			proxyType = 1;
			remoteGlobalIDString = A2A1611E28F4AEFA00B478FB;
			remoteInfo = Parstagram;
		};
/* End PBXContainerItemProxy section */

/* Begin PBXFileReference section */
		A2A1611F28F4AEFA00B478FB /* Parstagram.app */ = {isa = PBXFileReference; explicitFileType = wrapper.application; includeInIndex = 0; path = Parstagram.app; sourceTree = BUILT_PRODUCTS_DIR; };
		A2A1612228F4AEFA00B478FB /* AppDelegate.swift */ = {isa = PBXFileReference; lastKnownFileType = sourcecode.swift; path = AppDelegate.swift; sourceTree = "<group>"; };
		A2A1612428F4AEFA00B478FB /* SceneDelegate.swift */ = {isa = PBXFileReference; lastKnownFileType = sourcecode.swift; path = SceneDelegate.swift; sourceTree = "<group>"; };
		A2A1612628F4AEFA00B478FB /* ViewController.swift */ = {isa = PBXFileReference; lastKnownFileType = sourcecode.swift; path = ViewController.swift; sourceTree = "<group>"; };
		A2A1612928F4AEFA00B478FB /* Base */ = {isa = PBXFileReference; lastKnownFileType = file.storyboard; name = Base; path = Base.lproj/Main.storyboard; sourceTree = "<group>"; };
		A2A1612B28F4AEFC00B478FB /* Assets.xcassets */ = {isa = PBXFileReference; lastKnownFileType = folder.assetcatalog; path = Assets.xcassets; sourceTree = "<group>"; };
		A2A1612E28F4AEFC00B478FB /* Base */ = {isa = PBXFileReference; lastKnownFileType = file.storyboard; name = Base; path = Base.lproj/LaunchScreen.storyboard; sourceTree = "<group>"; };
		A2A1613028F4AEFC00B478FB /* Info.plist */ = {isa = PBXFileReference; lastKnownFileType = text.plist.xml; path = Info.plist; sourceTree = "<group>"; };
		A2A1613528F4AEFC00B478FB /* ParstagramTests.xctest */ = {isa = PBXFileReference; explicitFileType = wrapper.cfbundle; includeInIndex = 0; path = ParstagramTests.xctest; sourceTree = BUILT_PRODUCTS_DIR; };
		A2A1613928F4AEFC00B478FB /* ParstagramTests.swift */ = {isa = PBXFileReference; lastKnownFileType = sourcecode.swift; path = ParstagramTests.swift; sourceTree = "<group>"; };
		A2A1613F28F4AEFC00B478FB /* ParstagramUITests.xctest */ = {isa = PBXFileReference; explicitFileType = wrapper.cfbundle; includeInIndex = 0; path = ParstagramUITests.xctest; sourceTree = BUILT_PRODUCTS_DIR; };
		A2A1614328F4AEFC00B478FB /* ParstagramUITests.swift */ = {isa = PBXFileReference; lastKnownFileType = sourcecode.swift; path = ParstagramUITests.swift; sourceTree = "<group>"; };
		A2A1614528F4AEFC00B478FB /* ParstagramUITestsLaunchTests.swift */ = {isa = PBXFileReference; lastKnownFileType = sourcecode.swift; path = ParstagramUITestsLaunchTests.swift; sourceTree = "<group>"; };
/* End PBXFileReference section */

/* Begin PBXFrameworksBuildPhase section */
		A2A1611C28F4AEFA00B478FB /* Frameworks */ = {
			isa = PBXFrameworksBuildPhase;
			buildActionMask = 2147483647;
			files = (
			);
			runOnlyForDeploymentPostprocessing = 0;
		};
		A2A1613228F4AEFC00B478FB /* Frameworks */ = {
			isa = PBXFrameworksBuildPhase;
			buildActionMask = 2147483647;
			files = (
			);
			runOnlyForDeploymentPostprocessing = 0;
		};
		A2A1613C28F4AEFC00B478FB /* Frameworks */ = {
			isa = PBXFrameworksBuildPhase;
			buildActionMask = 2147483647;
			files = (
			);
			runOnlyForDeploymentPostprocessing = 0;
		};
/* End PBXFrameworksBuildPhase section */

/* Begin PBXGroup section */
		A2A1611628F4AEFA00B478FB = {
			isa = PBXGroup;
			children = (
				A2A1612128F4AEFA00B478FB /* Parstagram */,
				A2A1613828F4AEFC00B478FB /* ParstagramTests */,
				A2A1614228F4AEFC00B478FB /* ParstagramUITests */,
				A2A1612028F4AEFA00B478FB /* Products */,
			);
			sourceTree = "<group>";
		};
		A2A1612028F4AEFA00B478FB /* Products */ = {
			isa = PBXGroup;
			children = (
				A2A1611F28F4AEFA00B478FB /* Parstagram.app */,
				A2A1613528F4AEFC00B478FB /* ParstagramTests.xctest */,
				A2A1613F28F4AEFC00B478FB /* ParstagramUITests.xctest */,
			);
			name = Products;
			sourceTree = "<group>";
		};
		A2A1612128F4AEFA00B478FB /* Parstagram */ = {
			isa = PBXGroup;
			children = (
				A2A1612228F4AEFA00B478FB /* AppDelegate.swift */,
				A2A1612428F4AEFA00B478FB /* SceneDelegate.swift */,
				A2A1612628F4AEFA00B478FB /* ViewController.swift */,
				A2A1612828F4AEFA00B478FB /* Main.storyboard */,
				A2A1612B28F4AEFC00B478FB /* Assets.xcassets */,
				A2A1612D28F4AEFC00B478FB /* LaunchScreen.storyboard */,
				A2A1613028F4AEFC00B478FB /* Info.plist */,
			);
			path = Parstagram;
			sourceTree = "<group>";
		};
		A2A1613828F4AEFC00B478FB /* ParstagramTests */ = {
			isa = PBXGroup;
			children = (
				A2A1613928F4AEFC00B478FB /* ParstagramTests.swift */,
			);
			path = ParstagramTests;
			sourceTree = "<group>";
		};
		A2A1614228F4AEFC00B478FB /* ParstagramUITests */ = {
			isa = PBXGroup;
			children = (
				A2A1614328F4AEFC00B478FB /* ParstagramUITests.swift */,
				A2A1614528F4AEFC00B478FB /* ParstagramUITestsLaunchTests.swift */,
			);
			path = ParstagramUITests;
			sourceTree = "<group>";
		};
/* End PBXGroup section */

/* Begin PBXNativeTarget section */
		A2A1611E28F4AEFA00B478FB /* Parstagram */ = {
			isa = PBXNativeTarget;
			buildConfigurationList = A2A1614928F4AEFC00B478FB /* Build configuration list for PBXNativeTarget "Parstagram" */;
			buildPhases = (
				A2A1611B28F4AEFA00B478FB /* Sources */,
				A2A1611C28F4AEFA00B478FB /* Frameworks */,
				A2A1611D28F4AEFA00B478FB /* Resources */,
			);
			buildRules = (
			);
			dependencies = (
			);
			name = Parstagram;
			productName = Parstagram;
			productReference = A2A1611F28F4AEFA00B478FB /* Parstagram.app */;
			productType = "com.apple.product-type.application";
		};
		A2A1613428F4AEFC00B478FB /* ParstagramTests */ = {
			isa = PBXNativeTarget;
			buildConfigurationList = A2A1614C28F4AEFC00B478FB /* Build configuration list for PBXNativeTarget "ParstagramTests" */;
			buildPhases = (
				A2A1613128F4AEFC00B478FB /* Sources */,
				A2A1613228F4AEFC00B478FB /* Frameworks */,
				A2A1613328F4AEFC00B478FB /* Resources */,
			);
			buildRules = (
			);
			dependencies = (
				A2A1613728F4AEFC00B478FB /* PBXTargetDependency */,
			);
			name = ParstagramTests;
			productName = ParstagramTests;
			productReference = A2A1613528F4AEFC00B478FB /* ParstagramTests.xctest */;
			productType = "com.apple.product-type.bundle.unit-test";
		};
		A2A1613E28F4AEFC00B478FB /* ParstagramUITests */ = {
			isa = PBXNativeTarget;
			buildConfigurationList = A2A1614F28F4AEFC00B478FB /* Build configuration list for PBXNativeTarget "ParstagramUITests" */;
			buildPhases = (
				A2A1613B28F4AEFC00B478FB /* Sources */,
				A2A1613C28F4AEFC00B478FB /* Frameworks */,
				A2A1613D28F4AEFC00B478FB /* Resources */,
			);
			buildRules = (
			);
			dependencies = (
				A2A1614128F4AEFC00B478FB /* PBXTargetDependency */,
			);
			name = ParstagramUITests;
			productName = ParstagramUITests;
			productReference = A2A1613F28F4AEFC00B478FB /* ParstagramUITests.xctest */;
			productType = "com.apple.product-type.bundle.ui-testing";
		};
/* End PBXNativeTarget section */

/* Begin PBXProject section */
		A2A1611728F4AEFA00B478FB /* Project object */ = {
			isa = PBXProject;
			attributes = {
				BuildIndependentTargetsInParallel = 1;
				LastSwiftUpdateCheck = 1400;
				LastUpgradeCheck = 1400;
				TargetAttributes = {
					A2A1611E28F4AEFA00B478FB = {
						CreatedOnToolsVersion = 14.0.1;
					};
					A2A1613428F4AEFC00B478FB = {
						CreatedOnToolsVersion = 14.0.1;
						TestTargetID = A2A1611E28F4AEFA00B478FB;
					};
					A2A1613E28F4AEFC00B478FB = {
						CreatedOnToolsVersion = 14.0.1;
						TestTargetID = A2A1611E28F4AEFA00B478FB;
					};
				};
			};
			buildConfigurationList = A2A1611A28F4AEFA00B478FB /* Build configuration list for PBXProject "Parstagram" */;
			compatibilityVersion = "Xcode 14.0";
			developmentRegion = en;
			hasScannedForEncodings = 0;
			knownRegions = (
				en,
				Base,
			);
			mainGroup = A2A1611628F4AEFA00B478FB;
			productRefGroup = A2A1612028F4AEFA00B478FB /* Products */;
			projectDirPath = "";
			projectRoot = "";
			targets = (
				A2A1611E28F4AEFA00B478FB /* Parstagram */,
				A2A1613428F4AEFC00B478FB /* ParstagramTests */,
				A2A1613E28F4AEFC00B478FB /* ParstagramUITests */,
			);
		};
/* End PBXProject section */

/* Begin PBXResourcesBuildPhase section */
		A2A1611D28F4AEFA00B478FB /* Resources */ = {
			isa = PBXResourcesBuildPhase;
			buildActionMask = 2147483647;
			files = (
				A2A1612F28F4AEFC00B478FB /* LaunchScreen.storyboard in Resources */,
				A2A1612C28F4AEFC00B478FB /* Assets.xcassets in Resources */,
				A2A1612A28F4AEFA00B478FB /* Main.storyboard in Resources */,
			);
			runOnlyForDeploymentPostprocessing = 0;
		};
		A2A1613328F4AEFC00B478FB /* Resources */ = {
			isa = PBXResourcesBuildPhase;
			buildActionMask = 2147483647;
			files = (
			);
			runOnlyForDeploymentPostprocessing = 0;
		};
		A2A1613D28F4AEFC00B478FB /* Resources */ = {
			isa = PBXResourcesBuildPhase;
			buildActionMask = 2147483647;
			files = (
			);
			runOnlyForDeploymentPostprocessing = 0;
		};
/* End PBXResourcesBuildPhase section */

/* Begin PBXSourcesBuildPhase section */
		A2A1611B28F4AEFA00B478FB /* Sources */ = {
			isa = PBXSourcesBuildPhase;
			buildActionMask = 2147483647;
			files = (
				A2A1612728F4AEFA00B478FB /* ViewController.swift in Sources */,
				A2A1612328F4AEFA00B478FB /* AppDelegate.swift in Sources */,
				A2A1612528F4AEFA00B478FB /* SceneDelegate.swift in Sources */,
			);
			runOnlyForDeploymentPostprocessing = 0;
		};
		A2A1613128F4AEFC00B478FB /* Sources */ = {
			isa = PBXSourcesBuildPhase;
			buildActionMask = 2147483647;
			files = (
				A2A1613A28F4AEFC00B478FB /* ParstagramTests.swift in Sources */,
			);
			runOnlyForDeploymentPostprocessing = 0;
		};
		A2A1613B28F4AEFC00B478FB /* Sources */ = {
			isa = PBXSourcesBuildPhase;
			buildActionMask = 2147483647;
			files = (
				A2A1614628F4AEFC00B478FB /* ParstagramUITestsLaunchTests.swift in Sources */,
				A2A1614428F4AEFC00B478FB /* ParstagramUITests.swift in Sources */,
			);
			runOnlyForDeploymentPostprocessing = 0;
		};
/* End PBXSourcesBuildPhase section */

/* Begin PBXTargetDependency section */
		A2A1613728F4AEFC00B478FB /* PBXTargetDependency */ = {
			isa = PBXTargetDependency;
			target = A2A1611E28F4AEFA00B478FB /* Parstagram */;
			targetProxy = A2A1613628F4AEFC00B478FB /* PBXContainerItemProxy */;
		};
		A2A1614128F4AEFC00B478FB /* PBXTargetDependency */ = {
			isa = PBXTargetDependency;
			target = A2A1611E28F4AEFA00B478FB /* Parstagram */;
			targetProxy = A2A1614028F4AEFC00B478FB /* PBXContainerItemProxy */;
		};
/* End PBXTargetDependency section */

/* Begin PBXVariantGroup section */
		A2A1612828F4AEFA00B478FB /* Main.storyboard */ = {
			isa = PBXVariantGroup;
			children = (
				A2A1612928F4AEFA00B478FB /* Base */,
			);
			name = Main.storyboard;
			sourceTree = "<group>";
		};
		A2A1612D28F4AEFC00B478FB /* LaunchScreen.storyboard */ = {
			isa = PBXVariantGroup;
			children = (
				A2A1612E28F4AEFC00B478FB /* Base */,
			);
			name = LaunchScreen.storyboard;
			sourceTree = "<group>";
		};
/* End PBXVariantGroup section */

/* Begin XCBuildConfiguration section */
		A2A1614728F4AEFC00B478FB /* Debug */ = {
			isa = XCBuildConfiguration;
			buildSettings = {
				ALWAYS_SEARCH_USER_PATHS = NO;
				CLANG_ANALYZER_NONNULL = YES;
				CLANG_ANALYZER_NUMBER_OBJECT_CONVERSION = YES_AGGRESSIVE;
				CLANG_CXX_LANGUAGE_STANDARD = "gnu++20";
				CLANG_ENABLE_MODULES = YES;
				CLANG_ENABLE_OBJC_ARC = YES;
				CLANG_ENABLE_OBJC_WEAK = YES;
				CLANG_WARN_BLOCK_CAPTURE_AUTORELEASING = YES;
				CLANG_WARN_BOOL_CONVERSION = YES;
				CLANG_WARN_COMMA = YES;
				CLANG_WARN_CONSTANT_CONVERSION = YES;
				CLANG_WARN_DEPRECATED_OBJC_IMPLEMENTATIONS = YES;
				CLANG_WARN_DIRECT_OBJC_ISA_USAGE = YES_ERROR;
				CLANG_WARN_DOCUMENTATION_COMMENTS = YES;
				CLANG_WARN_EMPTY_BODY = YES;
				CLANG_WARN_ENUM_CONVERSION = YES;
				CLANG_WARN_INFINITE_RECURSION = YES;
				CLANG_WARN_INT_CONVERSION = YES;
				CLANG_WARN_NON_LITERAL_NULL_CONVERSION = YES;
				CLANG_WARN_OBJC_IMPLICIT_RETAIN_SELF = YES;
				CLANG_WARN_OBJC_LITERAL_CONVERSION = YES;
				CLANG_WARN_OBJC_ROOT_CLASS = YES_ERROR;
				CLANG_WARN_QUOTED_INCLUDE_IN_FRAMEWORK_HEADER = YES;
				CLANG_WARN_RANGE_LOOP_ANALYSIS = YES;
				CLANG_WARN_STRICT_PROTOTYPES = YES;
				CLANG_WARN_SUSPICIOUS_MOVE = YES;
				CLANG_WARN_UNGUARDED_AVAILABILITY = YES_AGGRESSIVE;
				CLANG_WARN_UNREACHABLE_CODE = YES;
				CLANG_WARN__DUPLICATE_METHOD_MATCH = YES;
				COPY_PHASE_STRIP = NO;
				DEBUG_INFORMATION_FORMAT = dwarf;
				ENABLE_STRICT_OBJC_MSGSEND = YES;
				ENABLE_TESTABILITY = YES;
				GCC_C_LANGUAGE_STANDARD = gnu11;
				GCC_DYNAMIC_NO_PIC = NO;
				GCC_NO_COMMON_BLOCKS = YES;
				GCC_OPTIMIZATION_LEVEL = 0;
				GCC_PREPROCESSOR_DEFINITIONS = (
					"DEBUG=1",
					"$(inherited)",
				);
				GCC_WARN_64_TO_32_BIT_CONVERSION = YES;
				GCC_WARN_ABOUT_RETURN_TYPE = YES_ERROR;
				GCC_WARN_UNDECLARED_SELECTOR = YES;
				GCC_WARN_UNINITIALIZED_AUTOS = YES_AGGRESSIVE;
				GCC_WARN_UNUSED_FUNCTION = YES;
				GCC_WARN_UNUSED_VARIABLE = YES;
				IPHONEOS_DEPLOYMENT_TARGET = 16.0;
				MTL_ENABLE_DEBUG_INFO = INCLUDE_SOURCE;
				MTL_FAST_MATH = YES;
				ONLY_ACTIVE_ARCH = YES;
				SDKROOT = iphoneos;
				SWIFT_ACTIVE_COMPILATION_CONDITIONS = DEBUG;
				SWIFT_OPTIMIZATION_LEVEL = "-Onone";
			};
			name = Debug;
		};
		A2A1614828F4AEFC00B478FB /* Release */ = {
			isa = XCBuildConfiguration;
			buildSettings = {
				ALWAYS_SEARCH_USER_PATHS = NO;
				CLANG_ANALYZER_NONNULL = YES;
				CLANG_ANALYZER_NUMBER_OBJECT_CONVERSION = YES_AGGRESSIVE;
				CLANG_CXX_LANGUAGE_STANDARD = "gnu++20";
				CLANG_ENABLE_MODULES = YES;
				CLANG_ENABLE_OBJC_ARC = YES;
				CLANG_ENABLE_OBJC_WEAK = YES;
				CLANG_WARN_BLOCK_CAPTURE_AUTORELEASING = YES;
				CLANG_WARN_BOOL_CONVERSION = YES;
				CLANG_WARN_COMMA = YES;
				CLANG_WARN_CONSTANT_CONVERSION = YES;
				CLANG_WARN_DEPRECATED_OBJC_IMPLEMENTATIONS = YES;
				CLANG_WARN_DIRECT_OBJC_ISA_USAGE = YES_ERROR;
				CLANG_WARN_DOCUMENTATION_COMMENTS = YES;
				CLANG_WARN_EMPTY_BODY = YES;
				CLANG_WARN_ENUM_CONVERSION = YES;
				CLANG_WARN_INFINITE_RECURSION = YES;
				CLANG_WARN_INT_CONVERSION = YES;
				CLANG_WARN_NON_LITERAL_NULL_CONVERSION = YES;
				CLANG_WARN_OBJC_IMPLICIT_RETAIN_SELF = YES;
				CLANG_WARN_OBJC_LITERAL_CONVERSION = YES;
				CLANG_WARN_OBJC_ROOT_CLASS = YES_ERROR;
				CLANG_WARN_QUOTED_INCLUDE_IN_FRAMEWORK_HEADER = YES;
				CLANG_WARN_RANGE_LOOP_ANALYSIS = YES;
				CLANG_WARN_STRICT_PROTOTYPES = YES;
				CLANG_WARN_SUSPICIOUS_MOVE = YES;
				CLANG_WARN_UNGUARDED_AVAILABILITY = YES_AGGRESSIVE;
				CLANG_WARN_UNREACHABLE_CODE = YES;
				CLANG_WARN__DUPLICATE_METHOD_MATCH = YES;
				COPY_PHASE_STRIP = NO;
				DEBUG_INFORMATION_FORMAT = "dwarf-with-dsym";
				ENABLE_NS_ASSERTIONS = NO;
				ENABLE_STRICT_OBJC_MSGSEND = YES;
				GCC_C_LANGUAGE_STANDARD = gnu11;
				GCC_NO_COMMON_BLOCKS = YES;
				GCC_WARN_64_TO_32_BIT_CONVERSION = YES;
				GCC_WARN_ABOUT_RETURN_TYPE = YES_ERROR;
				GCC_WARN_UNDECLARED_SELECTOR = YES;
				GCC_WARN_UNINITIALIZED_AUTOS = YES_AGGRESSIVE;
				GCC_WARN_UNUSED_FUNCTION = YES;
				GCC_WARN_UNUSED_VARIABLE = YES;
				IPHONEOS_DEPLOYMENT_TARGET = 16.0;
				MTL_ENABLE_DEBUG_INFO = NO;
				MTL_FAST_MATH = YES;
				SDKROOT = iphoneos;
				SWIFT_COMPILATION_MODE = wholemodule;
				SWIFT_OPTIMIZATION_LEVEL = "-O";
				VALIDATE_PRODUCT = YES;
			};
			name = Release;
		};
		A2A1614A28F4AEFC00B478FB /* Debug */ = {
			isa = XCBuildConfiguration;
			buildSettings = {
				ASSETCATALOG_COMPILER_APPICON_NAME = AppIcon;
				ASSETCATALOG_COMPILER_GLOBAL_ACCENT_COLOR_NAME = AccentColor;
				CODE_SIGN_STYLE = Automatic;
				CURRENT_PROJECT_VERSION = 1;
				GENERATE_INFOPLIST_FILE = YES;
				INFOPLIST_FILE = Parstagram/Info.plist;
				INFOPLIST_KEY_UIApplicationSupportsIndirectInputEvents = YES;
				INFOPLIST_KEY_UILaunchStoryboardName = LaunchScreen;
				INFOPLIST_KEY_UIMainStoryboardFile = Main;
				INFOPLIST_KEY_UISupportedInterfaceOrientations_iPad = "UIInterfaceOrientationPortrait UIInterfaceOrientationPortraitUpsideDown UIInterfaceOrientationLandscapeLeft UIInterfaceOrientationLandscapeRight";
				INFOPLIST_KEY_UISupportedInterfaceOrientations_iPhone = "UIInterfaceOrientationPortrait UIInterfaceOrientationLandscapeLeft UIInterfaceOrientationLandscapeRight";
				LD_RUNPATH_SEARCH_PATHS = (
					"$(inherited)",
					"@executable_path/Frameworks",
				);
				MARKETING_VERSION = 1.0;
				PRODUCT_BUNDLE_IDENTIFIER = com.andrea.Parstagram;
				PRODUCT_NAME = "$(TARGET_NAME)";
				SWIFT_EMIT_LOC_STRINGS = YES;
				SWIFT_VERSION = 5.0;
				TARGETED_DEVICE_FAMILY = "1,2";
			};
			name = Debug;
		};
		A2A1614B28F4AEFC00B478FB /* Release */ = {
			isa = XCBuildConfiguration;
			buildSettings = {
				ASSETCATALOG_COMPILER_APPICON_NAME = AppIcon;
				ASSETCATALOG_COMPILER_GLOBAL_ACCENT_COLOR_NAME = AccentColor;
				CODE_SIGN_STYLE = Automatic;
				CURRENT_PROJECT_VERSION = 1;
				GENERATE_INFOPLIST_FILE = YES;
				INFOPLIST_FILE = Parstagram/Info.plist;
				INFOPLIST_KEY_UIApplicationSupportsIndirectInputEvents = YES;
				INFOPLIST_KEY_UILaunchStoryboardName = LaunchScreen;
				INFOPLIST_KEY_UIMainStoryboardFile = Main;
				INFOPLIST_KEY_UISupportedInterfaceOrientations_iPad = "UIInterfaceOrientationPortrait UIInterfaceOrientationPortraitUpsideDown UIInterfaceOrientationLandscapeLeft UIInterfaceOrientationLandscapeRight";
				INFOPLIST_KEY_UISupportedInterfaceOrientations_iPhone = "UIInterfaceOrientationPortrait UIInterfaceOrientationLandscapeLeft UIInterfaceOrientationLandscapeRight";
				LD_RUNPATH_SEARCH_PATHS = (
					"$(inherited)",
					"@executable_path/Frameworks",
				);
				MARKETING_VERSION = 1.0;
				PRODUCT_BUNDLE_IDENTIFIER = com.andrea.Parstagram;
				PRODUCT_NAME = "$(TARGET_NAME)";
				SWIFT_EMIT_LOC_STRINGS = YES;
				SWIFT_VERSION = 5.0;
				TARGETED_DEVICE_FAMILY = "1,2";
			};
			name = Release;
		};
		A2A1614D28F4AEFC00B478FB /* Debug */ = {
			isa = XCBuildConfiguration;
			buildSettings = {
				ALWAYS_EMBED_SWIFT_STANDARD_LIBRARIES = YES;
				BUNDLE_LOADER = "$(TEST_HOST)";
				CODE_SIGN_STYLE = Automatic;
				CURRENT_PROJECT_VERSION = 1;
				GENERATE_INFOPLIST_FILE = YES;
				IPHONEOS_DEPLOYMENT_TARGET = 16.0;
				MARKETING_VERSION = 1.0;
				PRODUCT_BUNDLE_IDENTIFIER = com.andrea.ParstagramTests;
				PRODUCT_NAME = "$(TARGET_NAME)";
				SWIFT_EMIT_LOC_STRINGS = NO;
				SWIFT_VERSION = 5.0;
				TARGETED_DEVICE_FAMILY = "1,2";
				TEST_HOST = "$(BUILT_PRODUCTS_DIR)/Parstagram.app/$(BUNDLE_EXECUTABLE_FOLDER_PATH)/Parstagram";
			};
			name = Debug;
		};
		A2A1614E28F4AEFC00B478FB /* Release */ = {
			isa = XCBuildConfiguration;
			buildSettings = {
				ALWAYS_EMBED_SWIFT_STANDARD_LIBRARIES = YES;
				BUNDLE_LOADER = "$(TEST_HOST)";
				CODE_SIGN_STYLE = Automatic;
				CURRENT_PROJECT_VERSION = 1;
				GENERATE_INFOPLIST_FILE = YES;
				IPHONEOS_DEPLOYMENT_TARGET = 16.0;
				MARKETING_VERSION = 1.0;
				PRODUCT_BUNDLE_IDENTIFIER = com.andrea.ParstagramTests;
				PRODUCT_NAME = "$(TARGET_NAME)";
				SWIFT_EMIT_LOC_STRINGS = NO;
				SWIFT_VERSION = 5.0;
				TARGETED_DEVICE_FAMILY = "1,2";
				TEST_HOST = "$(BUILT_PRODUCTS_DIR)/Parstagram.app/$(BUNDLE_EXECUTABLE_FOLDER_PATH)/Parstagram";
			};
			name = Release;
		};
		A2A1615028F4AEFC00B478FB /* Debug */ = {
			isa = XCBuildConfiguration;
			buildSettings = {
				ALWAYS_EMBED_SWIFT_STANDARD_LIBRARIES = YES;
				CODE_SIGN_STYLE = Automatic;
				CURRENT_PROJECT_VERSION = 1;
				GENERATE_INFOPLIST_FILE = YES;
				MARKETING_VERSION = 1.0;
				PRODUCT_BUNDLE_IDENTIFIER = com.andrea.ParstagramUITests;
				PRODUCT_NAME = "$(TARGET_NAME)";
				SWIFT_EMIT_LOC_STRINGS = NO;
				SWIFT_VERSION = 5.0;
				TARGETED_DEVICE_FAMILY = "1,2";
				TEST_TARGET_NAME = Parstagram;
			};
			name = Debug;
		};
		A2A1615128F4AEFC00B478FB /* Release */ = {
			isa = XCBuildConfiguration;
			buildSettings = {
				ALWAYS_EMBED_SWIFT_STANDARD_LIBRARIES = YES;
				CODE_SIGN_STYLE = Automatic;
				CURRENT_PROJECT_VERSION = 1;
				GENERATE_INFOPLIST_FILE = YES;
				MARKETING_VERSION = 1.0;
				PRODUCT_BUNDLE_IDENTIFIER = com.andrea.ParstagramUITests;
				PRODUCT_NAME = "$(TARGET_NAME)";
				SWIFT_EMIT_LOC_STRINGS = NO;
				SWIFT_VERSION = 5.0;
				TARGETED_DEVICE_FAMILY = "1,2";
				TEST_TARGET_NAME = Parstagram;
			};
			name = Release;
		};
/* End XCBuildConfiguration section */

/* Begin XCConfigurationList section */
		A2A1611A28F4AEFA00B478FB /* Build configuration list for PBXProject "Parstagram" */ = {
			isa = XCConfigurationList;
			buildConfigurations = (
				A2A1614728F4AEFC00B478FB /* Debug */,
				A2A1614828F4AEFC00B478FB /* Release */,
			);
			defaultConfigurationIsVisible = 0;
			defaultConfigurationName = Release;
		};
		A2A1614928F4AEFC00B478FB /* Build configuration list for PBXNativeTarget "Parstagram" */ = {
			isa = XCConfigurationList;
			buildConfigurations = (
				A2A1614A28F4AEFC00B478FB /* Debug */,
				A2A1614B28F4AEFC00B478FB /* Release */,
			);
			defaultConfigurationIsVisible = 0;
			defaultConfigurationName = Release;
		};
		A2A1614C28F4AEFC00B478FB /* Build configuration list for PBXNativeTarget "ParstagramTests" */ = {
			isa = XCConfigurationList;
			buildConfigurations = (
				A2A1614D28F4AEFC00B478FB /* Debug */,
				A2A1614E28F4AEFC00B478FB /* Release */,
			);
			defaultConfigurationIsVisible = 0;
			defaultConfigurationName = Release;
		};
		A2A1614F28F4AEFC00B478FB /* Build configuration list for PBXNativeTarget "ParstagramUITests" */ = {
			isa = XCConfigurationList;
			buildConfigurations = (
				A2A1615028F4AEFC00B478FB /* Debug */,
				A2A1615128F4AEFC00B478FB /* Release */,
			);
			defaultConfigurationIsVisible = 0;
			defaultConfigurationName = Release;
		};
/* End XCConfigurationList section */
	};
	rootObject = A2A1611728F4AEFA00B478FB /* Project object */;
}
